
Microsoft Visual Studio Solution File, Format Version 12.00
# Visual Studio 15
VisualStudioVersion = 15.0.27428.2002
MinimumVisualStudioVersion = 10.0.40219.1
Project("{FAE04EC0-301F-11D3-BF4B-00C04F79EFBC}") = "OurBookshelf", "OurBookshelf\OurBookshelf.csproj", "{5127134E-E64D-4681-9DB4-45181325379B}"
EndProject
Project("{2150E333-8FDC-42A3-9474-1A3956D46DE8}") = "Solution Items", "Solution Items", "{F5E1A9F1-B98F-4882-8980-F03BA827FCCE}"
	ProjectSection(SolutionItems) = preProject
		.gitignore = .gitignore
	EndProjectSection
EndProject
Global
	GlobalSection(SolutionConfigurationPlatforms) = preSolution
		Debug|Any CPU = Debug|Any CPU
		Release|Any CPU = Release|Any CPU
	EndGlobalSection
	GlobalSection(ProjectConfigurationPlatforms) = postSolution
		{5127134E-E64D-4681-9DB4-45181325379B}.Debug|Any CPU.ActiveCfg = Debug|Any CPU
		{5127134E-E64D-4681-9DB4-45181325379B}.Debug|Any CPU.Build.0 = Debug|Any CPU
		{5127134E-E64D-4681-9DB4-45181325379B}.Release|Any CPU.ActiveCfg = Release|Any CPU
		{5127134E-E64D-4681-9DB4-45181325379B}.Release|Any CPU.Build.0 = Release|Any CPU
	EndGlobalSection
	GlobalSection(SolutionProperties) = preSolution
		HideSolutionNode = FALSE
	EndGlobalSection
	GlobalSection(ExtensibilityGlobals) = postSolution
		SolutionGuid = {FA59BDF0-0229-4816-BAD6-BD16B3C3005D}
	EndGlobalSection
EndGlobal
